<?xml version="1.0" encoding="utf-8"?>
<Project ToolsVersion="4.0" xmlns="http://schemas.microsoft.com/developer/msbuild/2003">
  <ItemGroup>
    <Filter Include="Ray Tracing">
      <UniqueIdentifier>{6df4fe24-dace-404d-aafd-b5041a04d50c}</UniqueIdentifier>
    </Filter>
    <Filter Include="Server">
      <UniqueIdentifier>{783fa78d-e828-40dc-b79e-1c2c0ba860a2}</UniqueIdentifier>
    </Filter>
    <Filter Include="Player">
      <UniqueIdentifier>{c6ffcda9-44f8-42d1-87f3-91c2783fdeaf}</UniqueIdentifier>
    </Filter>
  </ItemGroup>
  <ItemGroup>
    <ClInclude Include="..\RT Code\Matrix.h">
      <Filter>Ray Tracing</Filter>
    </ClInclude>
    <ClInclude Include="..\RT Code\Mesh.h">
      <Filter>Ray Tracing</Filter>
    </ClInclude>
    <ClInclude Include="..\RT Code\Object.h">
      <Filter>Ray Tracing</Filter>
    </ClInclude>
    <ClInclude Include="..\RT Code\Painter.h">
      <Filter>Ray Tracing</Filter>
    </ClInclude>
    <ClInclude Include="..\RT Code\Sphere.h">
      <Filter>Ray Tracing</Filter>
    </ClInclude>
    <ClInclude Include="..\RT Code\Vector.h">
      <Filter>Ray Tracing</Filter>
    </ClInclude>
    <ClInclude Include="..\RT Code\Math.h">
      <Filter>Player</Filter>
    </ClInclude>
  </ItemGroup>
  <ItemGroup>
    <ClCompile Include="..\RT Code\Mesh.cpp">
      <Filter>Ray Tracing</Filter>
    </ClCompile>
    <ClCompile Include="..\RT Code\Object.cpp">
      <Filter>Ray Tracing</Filter>
    </ClCompile>
    <ClCompile Include="..\RT Code\Painter.cpp">
      <Filter>Ray Tracing</Filter>
    </ClCompile>
    <ClCompile Include="..\RT Code\Sphere.cpp">
      <Filter>Ray Tracing</Filter>
    </ClCompile>
    <ClCompile Include="..\RT Code\Vector.cpp">
      <Filter>Ray Tracing</Filter>
    </ClCompile>
    <ClCompile Include="..\RT Code\Matrix.cpp">
      <Filter>Ray Tracing</Filter>
    </ClCompile>
    <ClCompile Include="..\RT Code\Main.cpp">
      <Filter>Player</Filter>
    </ClCompile>
  </ItemGroup>
</Project>