<?xml version="1.0" encoding="utf-8"?>
<Project ToolsVersion="4.0" xmlns="http://schemas.microsoft.com/developer/msbuild/2003">
  <ItemGroup>
    <Filter Include="Server">
      <UniqueIdentifier>{8f3ae88a-6e20-4a98-a068-02cc32cfd55b}</UniqueIdentifier>
    </Filter>
    <Filter Include="RayTracing">
      <UniqueIdentifier>{2a612533-84eb-447d-8fa3-f96aafe32268}</UniqueIdentifier>
    </Filter>
    <Filter Include="Network">
      <UniqueIdentifier>{4c80c80c-679a-461d-a998-8f5ce167fd3e}</UniqueIdentifier>
    </Filter>
    <Filter Include="RayTracing\Object">
      <UniqueIdentifier>{353e9772-af11-4043-8fd1-894ab7161ade}</UniqueIdentifier>
    </Filter>
    <Filter Include="RayTracing\Painter">
      <UniqueIdentifier>{85d93d26-21e2-4a78-8d82-2c7a4656c360}</UniqueIdentifier>
    </Filter>
    <Filter Include="Util">
      <UniqueIdentifier>{82dc85eb-8188-40ec-8494-b3420b48b0a9}</UniqueIdentifier>
    </Filter>
  </ItemGroup>
  <ItemGroup>
    <ClInclude Include="..\Code\Network\JobSet.h">
      <Filter>Network</Filter>
    </ClInclude>
    <ClInclude Include="..\Code\Network\NetworkNode.h">
      <Filter>Network</Filter>
    </ClInclude>
    <ClInclude Include="..\Code\Network\Node.h">
      <Filter>Network</Filter>
    </ClInclude>
    <ClInclude Include="..\Code\Network\ImagePacket.h">
      <Filter>Network</Filter>
    </ClInclude>
    <ClInclude Include="..\Code\RayTracing\Object\Object.h">
      <Filter>RayTracing\Object</Filter>
    </ClInclude>
    <ClInclude Include="..\Code\RayTracing\Object\Sphere.h">
      <Filter>RayTracing\Object</Filter>
    </ClInclude>
    <ClInclude Include="..\Code\RayTracing\Object\Mesh.h">
      <Filter>RayTracing\Object</Filter>
    </ClInclude>
    <ClInclude Include="..\Code\RayTracing\Painter\Painter.h">
      <Filter>RayTracing\Painter</Filter>
    </ClInclude>
    <ClInclude Include="..\Code\Server\ServerPlayer.h">
      <Filter>Server</Filter>
    </ClInclude>
    <ClInclude Include="..\Code\Util\MultiThreadedWorker.h">
      <Filter>Util</Filter>
    </ClInclude>
    <ClInclude Include="..\Code\Util\Matrix.h">
      <Filter>Util</Filter>
    </ClInclude>
    <ClInclude Include="..\Code\Util\Vector.h">
      <Filter>Util</Filter>
    </ClInclude>
    <ClInclude Include="..\Code\Util\MyMath.h">
      <Filter>Util</Filter>
    </ClInclude>
    <ClInclude Include="..\Code\Server\Main.h">
      <Filter>Network</Filter>
    </ClInclude>
    <ClInclude Include="..\Code\RayTracing\Player\Player.h">
      <Filter>RayTracing\Painter</Filter>
    </ClInclude>
  </ItemGroup>
  <ItemGroup>
    <ClCompile Include="..\Code\Network\NetworkNode.cpp">
      <Filter>Network</Filter>
    </ClCompile>
    <ClCompile Include="..\Code\Network\Node.cpp">
      <Filter>Network</Filter>
    </ClCompile>
    <ClCompile Include="..\Code\Network\ImagePacket.cpp">
      <Filter>Network</Filter>
    </ClCompile>
    <ClCompile Include="..\Code\Network\JobSet.cpp">
      <Filter>Network</Filter>
    </ClCompile>
    <ClCompile Include="..\Code\RayTracing\Object\Object.cpp">
      <Filter>RayTracing\Object</Filter>
    </ClCompile>
    <ClCompile Include="..\Code\RayTracing\Object\Sphere.cpp">
      <Filter>RayTracing\Object</Filter>
    </ClCompile>
    <ClCompile Include="..\Code\RayTracing\Object\Mesh.cpp">
      <Filter>RayTracing\Object</Filter>
    </ClCompile>
    <ClCompile Include="..\Code\RayTracing\Painter\Painter.cpp">
      <Filter>RayTracing\Painter</Filter>
    </ClCompile>
    <ClCompile Include="..\Code\Server\ServerPlayer.cpp">
      <Filter>Server</Filter>
    </ClCompile>
    <ClCompile Include="..\Code\Util\MultiThreadedWorker.cpp">
      <Filter>Util</Filter>
    </ClCompile>
    <ClCompile Include="..\Code\Util\Matrix.cpp">
      <Filter>Util</Filter>
    </ClCompile>
    <ClCompile Include="..\Code\Util\Vector.cpp">
      <Filter>Util</Filter>
    </ClCompile>
    <ClCompile Include="..\Code\RayTracing\Player\Player.cpp">
      <Filter>RayTracing\Painter</Filter>
    </ClCompile>
    <ClCompile Include="..\Code\Server\ServerMain.cpp">
      <Filter>Server</Filter>
    </ClCompile>
  </ItemGroup>
</Project>